
Microsoft Visual Studio Solution File, Format Version 12.00
# Visual Studio Version 17
VisualStudioVersion = 17.0.32014.148
MinimumVisualStudioVersion = 10.0.40219.1
Project("{8BC9CEB8-8B4A-11D0-8D11-00A0C91BC942}") = "No_2.1(5)_oop", "No_2.1(5)_oop\No_2.1(5)_oop.vcxproj", "{190B3ACA-A176-4BAB-B1CF-8A1A1CB9A83D}"
EndProject
Global
	GlobalSection(SolutionConfigurationPlatforms) = preSolution
		Debug|x64 = Debug|x64
		Debug|x86 = Debug|x86
		Release|x64 = Release|x64
		Release|x86 = Release|x86
	EndGlobalSection
	GlobalSection(ProjectConfigurationPlatforms) = postSolution
		{190B3ACA-A176-4BAB-B1CF-8A1A1CB9A83D}.Debug|x64.ActiveCfg = Debug|x64
		{190B3ACA-A176-4BAB-B1CF-8A1A1CB9A83D}.Debug|x64.Build.0 = Debug|x64
		{190B3ACA-A176-4BAB-B1CF-8A1A1CB9A83D}.Debug|x86.ActiveCfg = Debug|Win32
		{190B3ACA-A176-4BAB-B1CF-8A1A1CB9A83D}.Debug|x86.Build.0 = Debug|Win32
		{190B3ACA-A176-4BAB-B1CF-8A1A1CB9A83D}.Release|x64.ActiveCfg = Release|x64
		{190B3ACA-A176-4BAB-B1CF-8A1A1CB9A83D}.Release|x64.Build.0 = Release|x64
		{190B3ACA-A176-4BAB-B1CF-8A1A1CB9A83D}.Release|x86.ActiveCfg = Release|Win32
		{190B3ACA-A176-4BAB-B1CF-8A1A1CB9A83D}.Release|x86.Build.0 = Release|Win32
	EndGlobalSection
	GlobalSection(SolutionProperties) = preSolution
		HideSolutionNode = FALSE
	EndGlobalSection
	GlobalSection(ExtensibilityGlobals) = postSolution
		SolutionGuid = {1749B4BC-A447-470A-9B4B-BB1DCC9C023E}
	EndGlobalSection
EndGlobal
