
Microsoft Visual Studio Solution File, Format Version 12.00
# Visual Studio Version 17
VisualStudioVersion = 17.0.32014.148
MinimumVisualStudioVersion = 10.0.40219.1
Project("{8BC9CEB8-8B4A-11D0-8D11-00A0C91BC942}") = "No_4.2(5)_oop", "No_4.2(5)_oop\No_4.2(5)_oop.vcxproj", "{01B68D1B-5C12-4B3A-9DF4-8A5D9DFFF89F}"
EndProject
Global
	GlobalSection(SolutionConfigurationPlatforms) = preSolution
		Debug|x64 = Debug|x64
		Debug|x86 = Debug|x86
		Release|x64 = Release|x64
		Release|x86 = Release|x86
	EndGlobalSection
	GlobalSection(ProjectConfigurationPlatforms) = postSolution
		{01B68D1B-5C12-4B3A-9DF4-8A5D9DFFF89F}.Debug|x64.ActiveCfg = Debug|x64
		{01B68D1B-5C12-4B3A-9DF4-8A5D9DFFF89F}.Debug|x64.Build.0 = Debug|x64
		{01B68D1B-5C12-4B3A-9DF4-8A5D9DFFF89F}.Debug|x86.ActiveCfg = Debug|Win32
		{01B68D1B-5C12-4B3A-9DF4-8A5D9DFFF89F}.Debug|x86.Build.0 = Debug|Win32
		{01B68D1B-5C12-4B3A-9DF4-8A5D9DFFF89F}.Release|x64.ActiveCfg = Release|x64
		{01B68D1B-5C12-4B3A-9DF4-8A5D9DFFF89F}.Release|x64.Build.0 = Release|x64
		{01B68D1B-5C12-4B3A-9DF4-8A5D9DFFF89F}.Release|x86.ActiveCfg = Release|Win32
		{01B68D1B-5C12-4B3A-9DF4-8A5D9DFFF89F}.Release|x86.Build.0 = Release|Win32
	EndGlobalSection
	GlobalSection(SolutionProperties) = preSolution
		HideSolutionNode = FALSE
	EndGlobalSection
	GlobalSection(ExtensibilityGlobals) = postSolution
		SolutionGuid = {70C4238B-BA05-4C74-B192-DF19E96640D0}
	EndGlobalSection
EndGlobal
